{
  "name": "lash-client",
  "version": "1.0.0",
  "lockfileVersion": 1,
  "requires": true,
  "dependencies": {
    "@uirouter/angularjs": {
      "version": "1.0.25",
      "resolved": "https://registry.npmjs.org/@uirouter/angularjs/-/angularjs-1.0.25.tgz",
      "integrity": "sha512-kf9bxBhqa1ZUw0aDlz4H17VqAD30MVJY6HM7J628vDeNN9yZt7SDYpwqSrR3y6NBadZUPjaKsDoKsyQQSWArNA==",
      "requires": {
        "@uirouter/core": "6.0.4"
      }
    },
    "@uirouter/core": {
      "version": "6.0.4",
      "resolved": "https://registry.npmjs.org/@uirouter/core/-/core-6.0.4.tgz",
      "integrity": "sha512-TQ9XOzZY+jmWKkU4993MAEBIy7Bs3kijDzj+A6RHR8gq/3UoQm3Q/l1igfao5GZyBjid7eRVeipPK14ovCYQ3g=="
    },
    "angular": {
      "version": "1.7.9",
      "resolved": "https://registry.npmjs.org/angular/-/angular-1.7.9.tgz",
      "integrity": "sha512-5se7ZpcOtu0MBFlzGv5dsM1quQDoDeUTwZrWjGtTNA7O88cD8TEk5IEKCTDa3uECV9XnvKREVUr7du1ACiWGFQ=="
    },
    "angular-sanitize": {
      "version": "1.7.9",
      "resolved": "https://registry.npmjs.org/angular-sanitize/-/angular-sanitize-1.7.9.tgz",
      "integrity": "sha512-nB/xe7JQWF9nLvhHommAICQ3eWrfRETo0EVGFESi952CDzDa+GAJ/2BFBNw44QqQPxj1Xua/uYKrbLsOGWZdbQ=="
    },
    "bootstrap": {
      "version": "3.3.5",
      "resolved": "https://registry.npmjs.org/bootstrap/-/bootstrap-3.3.5.tgz",
      "integrity": "sha1-F3ereSmbEo2H3OfL2G/cRqxpwLE="
    },
    "eonasdan-bootstrap-datetimepicker": {
      "version": "4.17.47",
      "resolved": "https://registry.npmjs.org/eonasdan-bootstrap-datetimepicker/-/eonasdan-bootstrap-datetimepicker-4.17.47.tgz",
      "integrity": "sha1-ekmXAEQGUnbnll79Fvgic1IZ5zU=",
      "requires": {
        "bootstrap": "^3.3",
        "jquery": "^1.8.3 || ^2.0 || ^3.0",
        "moment": "^2.10",
        "moment-timezone": "^0.4.0"
      }
    },
    "jquery": {
      "version": "3.4.1",
      "resolved": "https://registry.npmjs.org/jquery/-/jquery-3.4.1.tgz",
      "integrity": "sha512-36+AdBzCL+y6qjw5Tx7HgzeGCzC81MDDgaUP8ld2zhx58HdqXGoBd+tHdrBMiyjGQs0Hxs/MLZTu/eHNJJuWPw=="
    },
    "lodash": {
      "version": "4.17.15",
      "resolved": "https://registry.npmjs.org/lodash/-/lodash-4.17.15.tgz",
      "integrity": "sha512-8xOcRHvCjnocdS5cpwXQXVzmmh5e5+saE2QGoeQmbKmRS6J3VQppPOIt0MnmE+4xlZoumy0GPG0D0MVIQbNA1A=="
    },
    "moment": {
      "version": "2.24.0",
      "resolved": "https://registry.npmjs.org/moment/-/moment-2.24.0.tgz",
      "integrity": "sha512-bV7f+6l2QigeBBZSM/6yTNq4P2fNpSWj/0e7jQcy87A8e7o2nAfP/34/2ky5Vw4B9S446EtIhodAzkFCcR4dQg=="
    },
    "moment-timezone": {
      "version": "0.4.1",
      "resolved": "https://registry.npmjs.org/moment-timezone/-/moment-timezone-0.4.1.tgz",
      "integrity": "sha1-gfWYw61eIs2teWtn7NjYjQ9bqgY=",
      "requires": {
        "moment": ">= 2.6.0"
      }
    },
    "ui-select": {
      "version": "0.19.8",
      "resolved": "https://registry.npmjs.org/ui-select/-/ui-select-0.19.8.tgz",
      "integrity": "sha1-dIYISKf9i8SU2YVtL2J3bqmGN8E="
    }
  }
}
